
Microsoft Visual Studio Solution File, Format Version 12.00
# Visual Studio 14
VisualStudioVersion = 14.0.25420.1
MinimumVisualStudioVersion = 10.0.40219.1
Project("{FAE04EC0-301F-11D3-BF4B-00C04F79EFBC}") = "FoodShop", "FoodShop\FoodShop.csproj", "{A81672B5-4485-4B61-9144-05BCD9F3EE82}"
EndProject
Project("{FAE04EC0-301F-11D3-BF4B-00C04F79EFBC}") = "FoodShop.Tests", "FoodShop.Tests\FoodShop.Tests.csproj", "{321D89FE-10F1-4235-A6D2-F75D3626D0BA}"
EndProject
Global
	GlobalSection(SolutionConfigurationPlatforms) = preSolution
		Debug|Any CPU = Debug|Any CPU
		Release|Any CPU = Release|Any CPU
	EndGlobalSection
	GlobalSection(ProjectConfigurationPlatforms) = postSolution
		{A81672B5-4485-4B61-9144-05BCD9F3EE82}.Debug|Any CPU.ActiveCfg = Debug|Any CPU
		{A81672B5-4485-4B61-9144-05BCD9F3EE82}.Debug|Any CPU.Build.0 = Debug|Any CPU
		{A81672B5-4485-4B61-9144-05BCD9F3EE82}.Release|Any CPU.ActiveCfg = Release|Any CPU
		{A81672B5-4485-4B61-9144-05BCD9F3EE82}.Release|Any CPU.Build.0 = Release|Any CPU
		{321D89FE-10F1-4235-A6D2-F75D3626D0BA}.Debug|Any CPU.ActiveCfg = Debug|Any CPU
		{321D89FE-10F1-4235-A6D2-F75D3626D0BA}.Debug|Any CPU.Build.0 = Debug|Any CPU
		{321D89FE-10F1-4235-A6D2-F75D3626D0BA}.Release|Any CPU.ActiveCfg = Release|Any CPU
		{321D89FE-10F1-4235-A6D2-F75D3626D0BA}.Release|Any CPU.Build.0 = Release|Any CPU
	EndGlobalSection
	GlobalSection(SolutionProperties) = preSolution
		HideSolutionNode = FALSE
	EndGlobalSection
EndGlobal
